
Microsoft Visual Studio Solution File, Format Version 12.00
# Visual Studio Version 17
VisualStudioVersion = 17.11.35327.3
MinimumVisualStudioVersion = 10.0.40219.1
Project("{9A19103F-16F7-4668-BE54-9A1E7A4F7556}") = "stage0", "stage0\stage0.csproj", "{EC35E4C8-943B-448A-B8BA-D55D736D5965}"
EndProject
Project("{2150E333-8FDC-42A3-9474-1A3956D46DE8}") = "Solution Items", "Solution Items", "{E6B9A7F9-9041-4477-8B7A-FB84CDF1CB77}"
	ProjectSection(SolutionItems) = preProject
		README.md = README.md
		דוח סיום פרויקט - אילת שילה 213899743, תהלה קופלד 213662554.pdf = דוח סיום פרויקט - אילת שילה 213899743, תהלה קופלד 213662554.pdf
	EndProjectSection
EndProject
Project("{9A19103F-16F7-4668-BE54-9A1E7A4F7556}") = "DalFacade", "DalFacade\DalFacade.csproj", "{28AD9F6C-5809-4FE0-93F9-3844749BB1EF}"
EndProject
Project("{9A19103F-16F7-4668-BE54-9A1E7A4F7556}") = "DalList", "DalList\DalList.csproj", "{4B60A245-A790-4915-AB77-A83B9D44500B}"
EndProject
Project("{9A19103F-16F7-4668-BE54-9A1E7A4F7556}") = "DalTest", "DalTest\DalTest.csproj", "{6D27DA5C-EB08-42C6-99E1-D5663E11D301}"
EndProject
Project("{9A19103F-16F7-4668-BE54-9A1E7A4F7556}") = "DalXml", "DalXml\DalXml.csproj", "{09CA98DB-47C3-41B8-89AE-C56B6BB8791A}"
EndProject
Project("{2150E333-8FDC-42A3-9474-1A3956D46DE8}") = "xml", "xml", "{1B1A2BAA-714D-44BB-BE10-CE0212866C55}"
	ProjectSection(SolutionItems) = preProject
		xml\assignments.xml = xml\assignments.xml
		xml\calls.xml = xml\calls.xml
		xml\dal-config.xml = xml\dal-config.xml
		xml\data-config.xml = xml\data-config.xml
		xml\volunteers.xml = xml\volunteers.xml
	EndProjectSection
EndProject
Project("{9A19103F-16F7-4668-BE54-9A1E7A4F7556}") = "BL", "BL\BL.csproj", "{7CFFE96A-EB2C-4963-BFE4-13979762197A}"
EndProject
Project("{9A19103F-16F7-4668-BE54-9A1E7A4F7556}") = "BlTest", "BlTest\BlTest.csproj", "{3BCAADFD-DDF9-4C62-9882-AA5F56F0D214}"
EndProject
Project("{9A19103F-16F7-4668-BE54-9A1E7A4F7556}") = "PL", "PL\PL.csproj", "{EBF1CFBE-992C-4E2C-A7A6-E1210D2A236E}"
EndProject
Global
	GlobalSection(SolutionConfigurationPlatforms) = preSolution
		Debug|Any CPU = Debug|Any CPU
		Release|Any CPU = Release|Any CPU
	EndGlobalSection
	GlobalSection(ProjectConfigurationPlatforms) = postSolution
		{EC35E4C8-943B-448A-B8BA-D55D736D5965}.Debug|Any CPU.ActiveCfg = Debug|Any CPU
		{EC35E4C8-943B-448A-B8BA-D55D736D5965}.Debug|Any CPU.Build.0 = Debug|Any CPU
		{EC35E4C8-943B-448A-B8BA-D55D736D5965}.Release|Any CPU.ActiveCfg = Release|Any CPU
		{EC35E4C8-943B-448A-B8BA-D55D736D5965}.Release|Any CPU.Build.0 = Release|Any CPU
		{28AD9F6C-5809-4FE0-93F9-3844749BB1EF}.Debug|Any CPU.ActiveCfg = Debug|Any CPU
		{28AD9F6C-5809-4FE0-93F9-3844749BB1EF}.Debug|Any CPU.Build.0 = Debug|Any CPU
		{28AD9F6C-5809-4FE0-93F9-3844749BB1EF}.Release|Any CPU.ActiveCfg = Release|Any CPU
		{28AD9F6C-5809-4FE0-93F9-3844749BB1EF}.Release|Any CPU.Build.0 = Release|Any CPU
		{4B60A245-A790-4915-AB77-A83B9D44500B}.Debug|Any CPU.ActiveCfg = Debug|Any CPU
		{4B60A245-A790-4915-AB77-A83B9D44500B}.Debug|Any CPU.Build.0 = Debug|Any CPU
		{4B60A245-A790-4915-AB77-A83B9D44500B}.Release|Any CPU.ActiveCfg = Release|Any CPU
		{4B60A245-A790-4915-AB77-A83B9D44500B}.Release|Any CPU.Build.0 = Release|Any CPU
		{6D27DA5C-EB08-42C6-99E1-D5663E11D301}.Debug|Any CPU.ActiveCfg = Debug|Any CPU
		{6D27DA5C-EB08-42C6-99E1-D5663E11D301}.Debug|Any CPU.Build.0 = Debug|Any CPU
		{6D27DA5C-EB08-42C6-99E1-D5663E11D301}.Release|Any CPU.ActiveCfg = Release|Any CPU
		{6D27DA5C-EB08-42C6-99E1-D5663E11D301}.Release|Any CPU.Build.0 = Release|Any CPU
		{09CA98DB-47C3-41B8-89AE-C56B6BB8791A}.Debug|Any CPU.ActiveCfg = Debug|Any CPU
		{09CA98DB-47C3-41B8-89AE-C56B6BB8791A}.Debug|Any CPU.Build.0 = Debug|Any CPU
		{09CA98DB-47C3-41B8-89AE-C56B6BB8791A}.Release|Any CPU.ActiveCfg = Release|Any CPU
		{09CA98DB-47C3-41B8-89AE-C56B6BB8791A}.Release|Any CPU.Build.0 = Release|Any CPU
		{7CFFE96A-EB2C-4963-BFE4-13979762197A}.Debug|Any CPU.ActiveCfg = Debug|Any CPU
		{7CFFE96A-EB2C-4963-BFE4-13979762197A}.Debug|Any CPU.Build.0 = Debug|Any CPU
		{7CFFE96A-EB2C-4963-BFE4-13979762197A}.Release|Any CPU.ActiveCfg = Release|Any CPU
		{7CFFE96A-EB2C-4963-BFE4-13979762197A}.Release|Any CPU.Build.0 = Release|Any CPU
		{3BCAADFD-DDF9-4C62-9882-AA5F56F0D214}.Debug|Any CPU.ActiveCfg = Debug|Any CPU
		{3BCAADFD-DDF9-4C62-9882-AA5F56F0D214}.Debug|Any CPU.Build.0 = Debug|Any CPU
		{3BCAADFD-DDF9-4C62-9882-AA5F56F0D214}.Release|Any CPU.ActiveCfg = Release|Any CPU
		{3BCAADFD-DDF9-4C62-9882-AA5F56F0D214}.Release|Any CPU.Build.0 = Release|Any CPU
		{EBF1CFBE-992C-4E2C-A7A6-E1210D2A236E}.Debug|Any CPU.ActiveCfg = Debug|Any CPU
		{EBF1CFBE-992C-4E2C-A7A6-E1210D2A236E}.Debug|Any CPU.Build.0 = Debug|Any CPU
		{EBF1CFBE-992C-4E2C-A7A6-E1210D2A236E}.Release|Any CPU.ActiveCfg = Release|Any CPU
		{EBF1CFBE-992C-4E2C-A7A6-E1210D2A236E}.Release|Any CPU.Build.0 = Release|Any CPU
	EndGlobalSection
	GlobalSection(SolutionProperties) = preSolution
		HideSolutionNode = FALSE
	EndGlobalSection
	GlobalSection(NestedProjects) = preSolution
		{1B1A2BAA-714D-44BB-BE10-CE0212866C55} = {E6B9A7F9-9041-4477-8B7A-FB84CDF1CB77}
	EndGlobalSection
	GlobalSection(ExtensibilityGlobals) = postSolution
		SolutionGuid = {54196258-74D6-4EA0-9590-FBBD2C3C96F7}
	EndGlobalSection
EndGlobal
